// !$*UTF8*$!
{
	archiveVersion = 1;
	classes = {
	};
	objectVersion = 55;
	objects = {

/* Begin PBXBuildFile section */
		1A47EBC52887E85F001C5679 /* AppDelegate.swift in Sources */ = {isa = PBXBuildFile; fileRef = 1A47EBC42887E85F001C5679 /* AppDelegate.swift */; };
		1A47EBC72887E85F001C5679 /* SceneDelegate.swift in Sources */ = {isa = PBXBuildFile; fileRef = 1A47EBC62887E85F001C5679 /* SceneDelegate.swift */; };
		1A47EBC92887E85F001C5679 /* ViewController.swift in Sources */ = {isa = PBXBuildFile; fileRef = 1A47EBC82887E85F001C5679 /* ViewController.swift */; };
		1A47EBCC2887E85F001C5679 /* Main.storyboard in Resources */ = {isa = PBXBuildFile; fileRef = 1A47EBCA2887E85F001C5679 /* Main.storyboard */; };
		1A47EBCE2887E862001C5679 /* Assets.xcassets in Resources */ = {isa = PBXBuildFile; fileRef = 1A47EBCD2887E862001C5679 /* Assets.xcassets */; };
		1A47EBD12887E862001C5679 /* LaunchScreen.storyboard in Resources */ = {isa = PBXBuildFile; fileRef = 1A47EBCF2887E862001C5679 /* LaunchScreen.storyboard */; };
		1A47EBD92887EEED001C5679 /* GoogleService-Info.plist in Resources */ = {isa = PBXBuildFile; fileRef = 1A47EBD82887EEED001C5679 /* GoogleService-Info.plist */; };
		1AB20F242888789B006F8AC2 /* FirebaseAnalytics in Frameworks */ = {isa = PBXBuildFile; productRef = 1AB20F232888789B006F8AC2 /* FirebaseAnalytics */; };
		1AB20F262888789B006F8AC2 /* FirebaseAuth in Frameworks */ = {isa = PBXBuildFile; productRef = 1AB20F252888789B006F8AC2 /* FirebaseAuth */; };
		1AB20F282888789B006F8AC2 /* FirebaseDatabase in Frameworks */ = {isa = PBXBuildFile; productRef = 1AB20F272888789B006F8AC2 /* FirebaseDatabase */; };
		1AB20F2A2888789B006F8AC2 /* FirebaseFirestore in Frameworks */ = {isa = PBXBuildFile; productRef = 1AB20F292888789B006F8AC2 /* FirebaseFirestore */; };
		1AB20F2C2888789B006F8AC2 /* FirebaseStorage in Frameworks */ = {isa = PBXBuildFile; productRef = 1AB20F2B2888789B006F8AC2 /* FirebaseStorage */; };
/* End PBXBuildFile section */

/* Begin PBXFileReference section */
		1A47EBC12887E85F001C5679 /* InstagramCloneFirebase.app */ = {isa = PBXFileReference; explicitFileType = wrapper.application; includeInIndex = 0; path = InstagramCloneFirebase.app; sourceTree = BUILT_PRODUCTS_DIR; };
		1A47EBC42887E85F001C5679 /* AppDelegate.swift */ = {isa = PBXFileReference; lastKnownFileType = sourcecode.swift; path = AppDelegate.swift; sourceTree = "<group>"; };
		1A47EBC62887E85F001C5679 /* SceneDelegate.swift */ = {isa = PBXFileReference; lastKnownFileType = sourcecode.swift; path = SceneDelegate.swift; sourceTree = "<group>"; };
		1A47EBC82887E85F001C5679 /* ViewController.swift */ = {isa = PBXFileReference; lastKnownFileType = sourcecode.swift; path = ViewController.swift; sourceTree = "<group>"; };
		1A47EBCB2887E85F001C5679 /* Base */ = {isa = PBXFileReference; lastKnownFileType = file.storyboard; name = Base; path = Base.lproj/Main.storyboard; sourceTree = "<group>"; };
		1A47EBCD2887E862001C5679 /* Assets.xcassets */ = {isa = PBXFileReference; lastKnownFileType = folder.assetcatalog; path = Assets.xcassets; sourceTree = "<group>"; };
		1A47EBD02887E862001C5679 /* Base */ = {isa = PBXFileReference; lastKnownFileType = file.storyboard; name = Base; path = Base.lproj/LaunchScreen.storyboard; sourceTree = "<group>"; };
		1A47EBD22887E862001C5679 /* Info.plist */ = {isa = PBXFileReference; lastKnownFileType = text.plist.xml; path = Info.plist; sourceTree = "<group>"; };
		1A47EBD82887EEED001C5679 /* GoogleService-Info.plist */ = {isa = PBXFileReference; fileEncoding = 4; lastKnownFileType = text.plist.xml; path = "GoogleService-Info.plist"; sourceTree = "<group>"; };
		1AB20F21288873F9006F8AC2 /* swift-package-manager-main */ = {isa = PBXFileReference; lastKnownFileType = wrapper; name = "swift-package-manager-main"; path = "../../../Downloads/swift-package-manager-main"; sourceTree = "<group>"; };
/* End PBXFileReference section */

/* Begin PBXFrameworksBuildPhase section */
		1A47EBBE2887E85F001C5679 /* Frameworks */ = {
			isa = PBXFrameworksBuildPhase;
			buildActionMask = 2147483647;
			files = (
				1AB20F282888789B006F8AC2 /* FirebaseDatabase in Frameworks */,
				1AB20F2A2888789B006F8AC2 /* FirebaseFirestore in Frameworks */,
				1AB20F242888789B006F8AC2 /* FirebaseAnalytics in Frameworks */,
				1AB20F2C2888789B006F8AC2 /* FirebaseStorage in Frameworks */,
				1AB20F262888789B006F8AC2 /* FirebaseAuth in Frameworks */,
			);
			runOnlyForDeploymentPostprocessing = 0;
		};
/* End PBXFrameworksBuildPhase section */

/* Begin PBXGroup section */
		1A47EBB82887E85F001C5679 = {
			isa = PBXGroup;
			children = (
				1AB20F20288873F9006F8AC2 /* Packages */,
				1A47EBC32887E85F001C5679 /* InstagramCloneFirebase */,
				1A47EBC22887E85F001C5679 /* Products */,
			);
			sourceTree = "<group>";
		};
		1A47EBC22887E85F001C5679 /* Products */ = {
			isa = PBXGroup;
			children = (
				1A47EBC12887E85F001C5679 /* InstagramCloneFirebase.app */,
			);
			name = Products;
			sourceTree = "<group>";
		};
		1A47EBC32887E85F001C5679 /* InstagramCloneFirebase */ = {
			isa = PBXGroup;
			children = (
				1A47EBC42887E85F001C5679 /* AppDelegate.swift */,
				1A47EBC62887E85F001C5679 /* SceneDelegate.swift */,
				1A47EBC82887E85F001C5679 /* ViewController.swift */,
				1A47EBCA2887E85F001C5679 /* Main.storyboard */,
				1A47EBCD2887E862001C5679 /* Assets.xcassets */,
				1A47EBCF2887E862001C5679 /* LaunchScreen.storyboard */,
				1A47EBD22887E862001C5679 /* Info.plist */,
				1A47EBD82887EEED001C5679 /* GoogleService-Info.plist */,
			);
			path = InstagramCloneFirebase;
			sourceTree = "<group>";
		};
		1AB20F20288873F9006F8AC2 /* Packages */ = {
			isa = PBXGroup;
			children = (
				1AB20F21288873F9006F8AC2 /* swift-package-manager-main */,
			);
			name = Packages;
			sourceTree = "<group>";
		};
/* End PBXGroup section */

/* Begin PBXNativeTarget section */
		1A47EBC02887E85F001C5679 /* InstagramCloneFirebase */ = {
			isa = PBXNativeTarget;
			buildConfigurationList = 1A47EBD52887E862001C5679 /* Build configuration list for PBXNativeTarget "InstagramCloneFirebase" */;
			buildPhases = (
				1A47EBBD2887E85F001C5679 /* Sources */,
				1A47EBBE2887E85F001C5679 /* Frameworks */,
				1A47EBBF2887E85F001C5679 /* Resources */,
			);
			buildRules = (
			);
			dependencies = (
			);
			name = InstagramCloneFirebase;
			packageProductDependencies = (
				1AB20F232888789B006F8AC2 /* FirebaseAnalytics */,
				1AB20F252888789B006F8AC2 /* FirebaseAuth */,
				1AB20F272888789B006F8AC2 /* FirebaseDatabase */,
				1AB20F292888789B006F8AC2 /* FirebaseFirestore */,
				1AB20F2B2888789B006F8AC2 /* FirebaseStorage */,
			);
			productName = InstagramCloneFirebase;
			productReference = 1A47EBC12887E85F001C5679 /* InstagramCloneFirebase.app */;
			productType = "com.apple.product-type.application";
		};
/* End PBXNativeTarget section */

/* Begin PBXProject section */
		1A47EBB92887E85F001C5679 /* Project object */ = {
			isa = PBXProject;
			attributes = {
				BuildIndependentTargetsInParallel = 1;
				LastSwiftUpdateCheck = 1340;
				LastUpgradeCheck = 1340;
				TargetAttributes = {
					1A47EBC02887E85F001C5679 = {
						CreatedOnToolsVersion = 13.4.1;
					};
				};
			};
			buildConfigurationList = 1A47EBBC2887E85F001C5679 /* Build configuration list for PBXProject "InstagramCloneFirebase" */;
			compatibilityVersion = "Xcode 13.0";
			developmentRegion = en;
			hasScannedForEncodings = 0;
			knownRegions = (
				en,
				Base,
			);
			mainGroup = 1A47EBB82887E85F001C5679;
			packageReferences = (
				1AB20F222888789B006F8AC2 /* XCRemoteSwiftPackageReference "firebase-ios-sdk" */,
			);
			productRefGroup = 1A47EBC22887E85F001C5679 /* Products */;
			projectDirPath = "";
			projectRoot = "";
			targets = (
				1A47EBC02887E85F001C5679 /* InstagramCloneFirebase */,
			);
		};
/* End PBXProject section */

/* Begin PBXResourcesBuildPhase section */
		1A47EBBF2887E85F001C5679 /* Resources */ = {
			isa = PBXResourcesBuildPhase;
			buildActionMask = 2147483647;
			files = (
				1A47EBD12887E862001C5679 /* LaunchScreen.storyboard in Resources */,
				1A47EBD92887EEED001C5679 /* GoogleService-Info.plist in Resources */,
				1A47EBCE2887E862001C5679 /* Assets.xcassets in Resources */,
				1A47EBCC2887E85F001C5679 /* Main.storyboard in Resources */,
			);
			runOnlyForDeploymentPostprocessing = 0;
		};
/* End PBXResourcesBuildPhase section */

/* Begin PBXSourcesBuildPhase section */
		1A47EBBD2887E85F001C5679 /* Sources */ = {
			isa = PBXSourcesBuildPhase;
			buildActionMask = 2147483647;
			files = (
				1A47EBC92887E85F001C5679 /* ViewController.swift in Sources */,
				1A47EBC52887E85F001C5679 /* AppDelegate.swift in Sources */,
				1A47EBC72887E85F001C5679 /* SceneDelegate.swift in Sources */,
			);
			runOnlyForDeploymentPostprocessing = 0;
		};
/* End PBXSourcesBuildPhase section */

/* Begin PBXVariantGroup section */
		1A47EBCA2887E85F001C5679 /* Main.storyboard */ = {
			isa = PBXVariantGroup;
			children = (
				1A47EBCB2887E85F001C5679 /* Base */,
			);
			name = Main.storyboard;
			sourceTree = "<group>";
		};
		1A47EBCF2887E862001C5679 /* LaunchScreen.storyboard */ = {
			isa = PBXVariantGroup;
			children = (
				1A47EBD02887E862001C5679 /* Base */,
			);
			name = LaunchScreen.storyboard;
			sourceTree = "<group>";
		};
/* End PBXVariantGroup section */

/* Begin XCBuildConfiguration section */
		1A47EBD32887E862001C5679 /* Debug */ = {
			isa = XCBuildConfiguration;
			buildSettings = {
				ALWAYS_SEARCH_USER_PATHS = NO;
				CLANG_ANALYZER_NONNULL = YES;
				CLANG_ANALYZER_NUMBER_OBJECT_CONVERSION = YES_AGGRESSIVE;
				CLANG_CXX_LANGUAGE_STANDARD = "gnu++17";
				CLANG_ENABLE_MODULES = YES;
				CLANG_ENABLE_OBJC_ARC = YES;
				CLANG_ENABLE_OBJC_WEAK = YES;
				CLANG_WARN_BLOCK_CAPTURE_AUTORELEASING = YES;
				CLANG_WARN_BOOL_CONVERSION = YES;
				CLANG_WARN_COMMA = YES;
				CLANG_WARN_CONSTANT_CONVERSION = YES;
				CLANG_WARN_DEPRECATED_OBJC_IMPLEMENTATIONS = YES;
				CLANG_WARN_DIRECT_OBJC_ISA_USAGE = YES_ERROR;
				CLANG_WARN_DOCUMENTATION_COMMENTS = YES;
				CLANG_WARN_EMPTY_BODY = YES;
				CLANG_WARN_ENUM_CONVERSION = YES;
				CLANG_WARN_INFINITE_RECURSION = YES;
				CLANG_WARN_INT_CONVERSION = YES;
				CLANG_WARN_NON_LITERAL_NULL_CONVERSION = YES;
				CLANG_WARN_OBJC_IMPLICIT_RETAIN_SELF = YES;
				CLANG_WARN_OBJC_LITERAL_CONVERSION = YES;
				CLANG_WARN_OBJC_ROOT_CLASS = YES_ERROR;
				CLANG_WARN_QUOTED_INCLUDE_IN_FRAMEWORK_HEADER = YES;
				CLANG_WARN_RANGE_LOOP_ANALYSIS = YES;
				CLANG_WARN_STRICT_PROTOTYPES = YES;
				CLANG_WARN_SUSPICIOUS_MOVE = YES;
				CLANG_WARN_UNGUARDED_AVAILABILITY = YES_AGGRESSIVE;
				CLANG_WARN_UNREACHABLE_CODE = YES;
				CLANG_WARN__DUPLICATE_METHOD_MATCH = YES;
				COPY_PHASE_STRIP = NO;
				DEBUG_INFORMATION_FORMAT = dwarf;
				ENABLE_STRICT_OBJC_MSGSEND = YES;
				ENABLE_TESTABILITY = YES;
				GCC_C_LANGUAGE_STANDARD = gnu11;
				GCC_DYNAMIC_NO_PIC = NO;
				GCC_NO_COMMON_BLOCKS = YES;
				GCC_OPTIMIZATION_LEVEL = 0;
				GCC_PREPROCESSOR_DEFINITIONS = (
					"DEBUG=1",
					"$(inherited)",
				);
				GCC_WARN_64_TO_32_BIT_CONVERSION = YES;
				GCC_WARN_ABOUT_RETURN_TYPE = YES_ERROR;
				GCC_WARN_UNDECLARED_SELECTOR = YES;
				GCC_WARN_UNINITIALIZED_AUTOS = YES_AGGRESSIVE;
				GCC_WARN_UNUSED_FUNCTION = YES;
				GCC_WARN_UNUSED_VARIABLE = YES;
				IPHONEOS_DEPLOYMENT_TARGET = 15.5;
				MTL_ENABLE_DEBUG_INFO = INCLUDE_SOURCE;
				MTL_FAST_MATH = YES;
				ONLY_ACTIVE_ARCH = YES;
				SDKROOT = iphoneos;
				SWIFT_ACTIVE_COMPILATION_CONDITIONS = DEBUG;
				SWIFT_OPTIMIZATION_LEVEL = "-Onone";
			};
			name = Debug;
		};
		1A47EBD42887E862001C5679 /* Release */ = {
			isa = XCBuildConfiguration;
			buildSettings = {
				ALWAYS_SEARCH_USER_PATHS = NO;
				CLANG_ANALYZER_NONNULL = YES;
				CLANG_ANALYZER_NUMBER_OBJECT_CONVERSION = YES_AGGRESSIVE;
				CLANG_CXX_LANGUAGE_STANDARD = "gnu++17";
				CLANG_ENABLE_MODULES = YES;
				CLANG_ENABLE_OBJC_ARC = YES;
				CLANG_ENABLE_OBJC_WEAK = YES;
				CLANG_WARN_BLOCK_CAPTURE_AUTORELEASING = YES;
				CLANG_WARN_BOOL_CONVERSION = YES;
				CLANG_WARN_COMMA = YES;
				CLANG_WARN_CONSTANT_CONVERSION = YES;
				CLANG_WARN_DEPRECATED_OBJC_IMPLEMENTATIONS = YES;
				CLANG_WARN_DIRECT_OBJC_ISA_USAGE = YES_ERROR;
				CLANG_WARN_DOCUMENTATION_COMMENTS = YES;
				CLANG_WARN_EMPTY_BODY = YES;
				CLANG_WARN_ENUM_CONVERSION = YES;
				CLANG_WARN_INFINITE_RECURSION = YES;
				CLANG_WARN_INT_CONVERSION = YES;
				CLANG_WARN_NON_LITERAL_NULL_CONVERSION = YES;
				CLANG_WARN_OBJC_IMPLICIT_RETAIN_SELF = YES;
				CLANG_WARN_OBJC_LITERAL_CONVERSION = YES;
				CLANG_WARN_OBJC_ROOT_CLASS = YES_ERROR;
				CLANG_WARN_QUOTED_INCLUDE_IN_FRAMEWORK_HEADER = YES;
				CLANG_WARN_RANGE_LOOP_ANALYSIS = YES;
				CLANG_WARN_STRICT_PROTOTYPES = YES;
				CLANG_WARN_SUSPICIOUS_MOVE = YES;
				CLANG_WARN_UNGUARDED_AVAILABILITY = YES_AGGRESSIVE;
				CLANG_WARN_UNREACHABLE_CODE = YES;
				CLANG_WARN__DUPLICATE_METHOD_MATCH = YES;
				COPY_PHASE_STRIP = NO;
				DEBUG_INFORMATION_FORMAT = "dwarf-with-dsym";
				ENABLE_NS_ASSERTIONS = NO;
				ENABLE_STRICT_OBJC_MSGSEND = YES;
				GCC_C_LANGUAGE_STANDARD = gnu11;
				GCC_NO_COMMON_BLOCKS = YES;
				GCC_WARN_64_TO_32_BIT_CONVERSION = YES;
				GCC_WARN_ABOUT_RETURN_TYPE = YES_ERROR;
				GCC_WARN_UNDECLARED_SELECTOR = YES;
				GCC_WARN_UNINITIALIZED_AUTOS = YES_AGGRESSIVE;
				GCC_WARN_UNUSED_FUNCTION = YES;
				GCC_WARN_UNUSED_VARIABLE = YES;
				IPHONEOS_DEPLOYMENT_TARGET = 15.5;
				MTL_ENABLE_DEBUG_INFO = NO;
				MTL_FAST_MATH = YES;
				SDKROOT = iphoneos;
				SWIFT_COMPILATION_MODE = wholemodule;
				SWIFT_OPTIMIZATION_LEVEL = "-O";
				VALIDATE_PRODUCT = YES;
			};
			name = Release;
		};
		1A47EBD62887E862001C5679 /* Debug */ = {
			isa = XCBuildConfiguration;
			buildSettings = {
				ASSETCATALOG_COMPILER_APPICON_NAME = AppIcon;
				ASSETCATALOG_COMPILER_GLOBAL_ACCENT_COLOR_NAME = AccentColor;
				CODE_SIGN_STYLE = Automatic;
				CURRENT_PROJECT_VERSION = 1;
				DEVELOPMENT_TEAM = L49ZU532QC;
				GENERATE_INFOPLIST_FILE = YES;
				INFOPLIST_FILE = InstagramCloneFirebase/Info.plist;
				INFOPLIST_KEY_UIApplicationSupportsIndirectInputEvents = YES;
				INFOPLIST_KEY_UILaunchStoryboardName = LaunchScreen;
				INFOPLIST_KEY_UIMainStoryboardFile = Main;
				INFOPLIST_KEY_UISupportedInterfaceOrientations_iPad = "UIInterfaceOrientationPortrait UIInterfaceOrientationPortraitUpsideDown UIInterfaceOrientationLandscapeLeft UIInterfaceOrientationLandscapeRight";
				INFOPLIST_KEY_UISupportedInterfaceOrientations_iPhone = "UIInterfaceOrientationPortrait UIInterfaceOrientationLandscapeLeft UIInterfaceOrientationLandscapeRight";
				LD_RUNPATH_SEARCH_PATHS = (
					"$(inherited)",
					"@executable_path/Frameworks",
				);
				MARKETING_VERSION = 1.0;
				PRODUCT_BUNDLE_IDENTIFIER = com.wasabi.InstagramCloneFirebase;
				PRODUCT_NAME = "$(TARGET_NAME)";
				SWIFT_EMIT_LOC_STRINGS = YES;
				SWIFT_VERSION = 5.0;
				TARGETED_DEVICE_FAMILY = "1,2";
			};
			name = Debug;
		};
		1A47EBD72887E862001C5679 /* Release */ = {
			isa = XCBuildConfiguration;
			buildSettings = {
				ASSETCATALOG_COMPILER_APPICON_NAME = AppIcon;
				ASSETCATALOG_COMPILER_GLOBAL_ACCENT_COLOR_NAME = AccentColor;
				CODE_SIGN_STYLE = Automatic;
				CURRENT_PROJECT_VERSION = 1;
				DEVELOPMENT_TEAM = L49ZU532QC;
				GENERATE_INFOPLIST_FILE = YES;
				INFOPLIST_FILE = InstagramCloneFirebase/Info.plist;
				INFOPLIST_KEY_UIApplicationSupportsIndirectInputEvents = YES;
				INFOPLIST_KEY_UILaunchStoryboardName = LaunchScreen;
				INFOPLIST_KEY_UIMainStoryboardFile = Main;
				INFOPLIST_KEY_UISupportedInterfaceOrientations_iPad = "UIInterfaceOrientationPortrait UIInterfaceOrientationPortraitUpsideDown UIInterfaceOrientationLandscapeLeft UIInterfaceOrientationLandscapeRight";
				INFOPLIST_KEY_UISupportedInterfaceOrientations_iPhone = "UIInterfaceOrientationPortrait UIInterfaceOrientationLandscapeLeft UIInterfaceOrientationLandscapeRight";
				LD_RUNPATH_SEARCH_PATHS = (
					"$(inherited)",
					"@executable_path/Frameworks",
				);
				MARKETING_VERSION = 1.0;
				PRODUCT_BUNDLE_IDENTIFIER = com.wasabi.InstagramCloneFirebase;
				PRODUCT_NAME = "$(TARGET_NAME)";
				SWIFT_EMIT_LOC_STRINGS = YES;
				SWIFT_VERSION = 5.0;
				TARGETED_DEVICE_FAMILY = "1,2";
			};
			name = Release;
		};
/* End XCBuildConfiguration section */

/* Begin XCConfigurationList section */
		1A47EBBC2887E85F001C5679 /* Build configuration list for PBXProject "InstagramCloneFirebase" */ = {
			isa = XCConfigurationList;
			buildConfigurations = (
				1A47EBD32887E862001C5679 /* Debug */,
				1A47EBD42887E862001C5679 /* Release */,
			);
			defaultConfigurationIsVisible = 0;
			defaultConfigurationName = Release;
		};
		1A47EBD52887E862001C5679 /* Build configuration list for PBXNativeTarget "InstagramCloneFirebase" */ = {
			isa = XCConfigurationList;
			buildConfigurations = (
				1A47EBD62887E862001C5679 /* Debug */,
				1A47EBD72887E862001C5679 /* Release */,
			);
			defaultConfigurationIsVisible = 0;
			defaultConfigurationName = Release;
		};
/* End XCConfigurationList section */

/* Begin XCRemoteSwiftPackageReference section */
		1AB20F222888789B006F8AC2 /* XCRemoteSwiftPackageReference "firebase-ios-sdk" */ = {
			isa = XCRemoteSwiftPackageReference;
			repositoryURL = "https://github.com/firebase/firebase-ios-sdk";
			requirement = {
				branch = master;
				kind = branch;
			};
		};
/* End XCRemoteSwiftPackageReference section */

/* Begin XCSwiftPackageProductDependency section */
		1AB20F232888789B006F8AC2 /* FirebaseAnalytics */ = {
			isa = XCSwiftPackageProductDependency;
			package = 1AB20F222888789B006F8AC2 /* XCRemoteSwiftPackageReference "firebase-ios-sdk" */;
			productName = FirebaseAnalytics;
		};
		1AB20F252888789B006F8AC2 /* FirebaseAuth */ = {
			isa = XCSwiftPackageProductDependency;
			package = 1AB20F222888789B006F8AC2 /* XCRemoteSwiftPackageReference "firebase-ios-sdk" */;
			productName = FirebaseAuth;
		};
		1AB20F272888789B006F8AC2 /* FirebaseDatabase */ = {
			isa = XCSwiftPackageProductDependency;
			package = 1AB20F222888789B006F8AC2 /* XCRemoteSwiftPackageReference "firebase-ios-sdk" */;
			productName = FirebaseDatabase;
		};
		1AB20F292888789B006F8AC2 /* FirebaseFirestore */ = {
			isa = XCSwiftPackageProductDependency;
			package = 1AB20F222888789B006F8AC2 /* XCRemoteSwiftPackageReference "firebase-ios-sdk" */;
			productName = FirebaseFirestore;
		};
		1AB20F2B2888789B006F8AC2 /* FirebaseStorage */ = {
			isa = XCSwiftPackageProductDependency;
			package = 1AB20F222888789B006F8AC2 /* XCRemoteSwiftPackageReference "firebase-ios-sdk" */;
			productName = FirebaseStorage;
		};
/* End XCSwiftPackageProductDependency section */
	};
	rootObject = 1A47EBB92887E85F001C5679 /* Project object */;
}
